
Microsoft Visual Studio Solution File, Format Version 12.00
# Visual Studio Version 17
VisualStudioVersion = 17.0.31903.59
MinimumVisualStudioVersion = 10.0.40219.1
Project("{FAE04EC0-301F-11D3-BF4B-00C04F79EFBC}") = "StyleGenie.Api", "StyleGenie.Api\StyleGenie.Api.csproj", "{0B5F65F4-C69F-4C0B-B139-769ABC49FBED}"
EndProject
Project("{FAE04EC0-301F-11D3-BF4B-00C04F79EFBC}") = "StyleGenie.Application", "StyleGenie.Application\StyleGenie.Application.csproj", "{19AA7CA4-95CE-4082-841B-3A7DFF398F11}"
EndProject
Project("{FAE04EC0-301F-11D3-BF4B-00C04F79EFBC}") = "StyleGenie.Domain", "StyleGenie.Domain\StyleGenie.Domain.csproj", "{2F115B79-97D7-4FFC-BAD1-9B11B30E3F9F}"
EndProject
Project("{FAE04EC0-301F-11D3-BF4B-00C04F79EFBC}") = "StyleGenie.Infrastructure", "StyleGenie.Infrastructure\StyleGenie.Infrastructure.csproj", "{C719463C-96F7-437B-A855-7CE282CEF4ED}"
EndProject
Global
	GlobalSection(SolutionConfigurationPlatforms) = preSolution
		Debug|Any CPU = Debug|Any CPU
		Debug|x64 = Debug|x64
		Debug|x86 = Debug|x86
		Release|Any CPU = Release|Any CPU
		Release|x64 = Release|x64
		Release|x86 = Release|x86
	EndGlobalSection
	GlobalSection(ProjectConfigurationPlatforms) = postSolution
		{0B5F65F4-C69F-4C0B-B139-769ABC49FBED}.Debug|Any CPU.ActiveCfg = Debug|Any CPU
		{0B5F65F4-C69F-4C0B-B139-769ABC49FBED}.Debug|Any CPU.Build.0 = Debug|Any CPU
		{0B5F65F4-C69F-4C0B-B139-769ABC49FBED}.Debug|x64.ActiveCfg = Debug|Any CPU
		{0B5F65F4-C69F-4C0B-B139-769ABC49FBED}.Debug|x64.Build.0 = Debug|Any CPU
		{0B5F65F4-C69F-4C0B-B139-769ABC49FBED}.Debug|x86.ActiveCfg = Debug|Any CPU
		{0B5F65F4-C69F-4C0B-B139-769ABC49FBED}.Debug|x86.Build.0 = Debug|Any CPU
		{0B5F65F4-C69F-4C0B-B139-769ABC49FBED}.Release|Any CPU.ActiveCfg = Release|Any CPU
		{0B5F65F4-C69F-4C0B-B139-769ABC49FBED}.Release|Any CPU.Build.0 = Release|Any CPU
		{0B5F65F4-C69F-4C0B-B139-769ABC49FBED}.Release|x64.ActiveCfg = Release|Any CPU
		{0B5F65F4-C69F-4C0B-B139-769ABC49FBED}.Release|x64.Build.0 = Release|Any CPU
		{0B5F65F4-C69F-4C0B-B139-769ABC49FBED}.Release|x86.ActiveCfg = Release|Any CPU
		{0B5F65F4-C69F-4C0B-B139-769ABC49FBED}.Release|x86.Build.0 = Release|Any CPU
		{19AA7CA4-95CE-4082-841B-3A7DFF398F11}.Debug|Any CPU.ActiveCfg = Debug|Any CPU
		{19AA7CA4-95CE-4082-841B-3A7DFF398F11}.Debug|Any CPU.Build.0 = Debug|Any CPU
		{19AA7CA4-95CE-4082-841B-3A7DFF398F11}.Debug|x64.ActiveCfg = Debug|Any CPU
		{19AA7CA4-95CE-4082-841B-3A7DFF398F11}.Debug|x64.Build.0 = Debug|Any CPU
		{19AA7CA4-95CE-4082-841B-3A7DFF398F11}.Debug|x86.ActiveCfg = Debug|Any CPU
		{19AA7CA4-95CE-4082-841B-3A7DFF398F11}.Debug|x86.Build.0 = Debug|Any CPU
		{19AA7CA4-95CE-4082-841B-3A7DFF398F11}.Release|Any CPU.ActiveCfg = Release|Any CPU
		{19AA7CA4-95CE-4082-841B-3A7DFF398F11}.Release|Any CPU.Build.0 = Release|Any CPU
		{19AA7CA4-95CE-4082-841B-3A7DFF398F11}.Release|x64.ActiveCfg = Release|Any CPU
		{19AA7CA4-95CE-4082-841B-3A7DFF398F11}.Release|x64.Build.0 = Release|Any CPU
		{19AA7CA4-95CE-4082-841B-3A7DFF398F11}.Release|x86.ActiveCfg = Release|Any CPU
		{19AA7CA4-95CE-4082-841B-3A7DFF398F11}.Release|x86.Build.0 = Release|Any CPU
		{2F115B79-97D7-4FFC-BAD1-9B11B30E3F9F}.Debug|Any CPU.ActiveCfg = Debug|Any CPU
		{2F115B79-97D7-4FFC-BAD1-9B11B30E3F9F}.Debug|Any CPU.Build.0 = Debug|Any CPU
		{2F115B79-97D7-4FFC-BAD1-9B11B30E3F9F}.Debug|x64.ActiveCfg = Debug|Any CPU
		{2F115B79-97D7-4FFC-BAD1-9B11B30E3F9F}.Debug|x64.Build.0 = Debug|Any CPU
		{2F115B79-97D7-4FFC-BAD1-9B11B30E3F9F}.Debug|x86.ActiveCfg = Debug|Any CPU
		{2F115B79-97D7-4FFC-BAD1-9B11B30E3F9F}.Debug|x86.Build.0 = Debug|Any CPU
		{2F115B79-97D7-4FFC-BAD1-9B11B30E3F9F}.Release|Any CPU.ActiveCfg = Release|Any CPU
		{2F115B79-97D7-4FFC-BAD1-9B11B30E3F9F}.Release|Any CPU.Build.0 = Release|Any CPU
		{2F115B79-97D7-4FFC-BAD1-9B11B30E3F9F}.Release|x64.ActiveCfg = Release|Any CPU
		{2F115B79-97D7-4FFC-BAD1-9B11B30E3F9F}.Release|x64.Build.0 = Release|Any CPU
		{2F115B79-97D7-4FFC-BAD1-9B11B30E3F9F}.Release|x86.ActiveCfg = Release|Any CPU
		{2F115B79-97D7-4FFC-BAD1-9B11B30E3F9F}.Release|x86.Build.0 = Release|Any CPU
		{C719463C-96F7-437B-A855-7CE282CEF4ED}.Debug|Any CPU.ActiveCfg = Debug|Any CPU
		{C719463C-96F7-437B-A855-7CE282CEF4ED}.Debug|Any CPU.Build.0 = Debug|Any CPU
		{C719463C-96F7-437B-A855-7CE282CEF4ED}.Debug|x64.ActiveCfg = Debug|Any CPU
		{C719463C-96F7-437B-A855-7CE282CEF4ED}.Debug|x64.Build.0 = Debug|Any CPU
		{C719463C-96F7-437B-A855-7CE282CEF4ED}.Debug|x86.ActiveCfg = Debug|Any CPU
		{C719463C-96F7-437B-A855-7CE282CEF4ED}.Debug|x86.Build.0 = Debug|Any CPU
		{C719463C-96F7-437B-A855-7CE282CEF4ED}.Release|Any CPU.ActiveCfg = Release|Any CPU
		{C719463C-96F7-437B-A855-7CE282CEF4ED}.Release|Any CPU.Build.0 = Release|Any CPU
		{C719463C-96F7-437B-A855-7CE282CEF4ED}.Release|x64.ActiveCfg = Release|Any CPU
		{C719463C-96F7-437B-A855-7CE282CEF4ED}.Release|x64.Build.0 = Release|Any CPU
		{C719463C-96F7-437B-A855-7CE282CEF4ED}.Release|x86.ActiveCfg = Release|Any CPU
		{C719463C-96F7-437B-A855-7CE282CEF4ED}.Release|x86.Build.0 = Release|Any CPU
	EndGlobalSection
	GlobalSection(SolutionProperties) = preSolution
		HideSolutionNode = FALSE
	EndGlobalSection
EndGlobal
